{
  "nodes": {
    "nixpkgs": {
      "locked": {
        "lastModified": 1764519257,
        "narHash": "sha256-bcy8/QNENmp3y6Iv74BwK++v0SEASnSgqJKpWggBzeY=",
        "owner": "NixOS",
        "repo": "nixpkgs",
        "rev": "dae7d4ce4591ef059fd4031355a9345670ed08b6",
        "type": "github"
      },
      "original": {
        "owner": "NixOS",
        "repo": "nixpkgs",
        "type": "github"
      }
    },
    "root": {
      "inputs": {
        "nixpkgs": "nixpkgs"
      }
    }
  },
  "root": "root",
  "version": 7
}
